
Microsoft Visual Studio Solution File, Format Version 12.00
# Visual Studio 15
VisualStudioVersion = 15.0.26124.0
MinimumVisualStudioVersion = 15.0.26124.0
Project("{FAE04EC0-301F-11D3-BF4B-00C04F79EFBC}") = "swlunch.data", "swlunch.data\swlunch.data.csproj", "{B94CA45E-E39E-4A92-B599-D0AF733673E5}"
EndProject
Project("{FAE04EC0-301F-11D3-BF4B-00C04F79EFBC}") = "swlunch.mvc", "swlunch.mvc\swlunch.mvc.csproj", "{E3438D58-3CA3-4E8D-B19D-69F96E365F2D}"
EndProject
Project("{FAE04EC0-301F-11D3-BF4B-00C04F79EFBC}") = "swlunch.service", "swlunch.service\swlunch.service.csproj", "{F3E3586D-A0BE-453C-AA9F-205183F15C78}"
EndProject
Project("{FAE04EC0-301F-11D3-BF4B-00C04F79EFBC}") = "swlunch.test", "swlunch.test\swlunch.test.csproj", "{EFBBE75B-38E1-4170-84D9-775B12FE412A}"
EndProject
Global
	GlobalSection(SolutionConfigurationPlatforms) = preSolution
		Debug|Any CPU = Debug|Any CPU
		Debug|x64 = Debug|x64
		Debug|x86 = Debug|x86
		Release|Any CPU = Release|Any CPU
		Release|x64 = Release|x64
		Release|x86 = Release|x86
	EndGlobalSection
	GlobalSection(SolutionProperties) = preSolution
		HideSolutionNode = FALSE
	EndGlobalSection
	GlobalSection(ProjectConfigurationPlatforms) = postSolution
		{B94CA45E-E39E-4A92-B599-D0AF733673E5}.Debug|Any CPU.ActiveCfg = Debug|Any CPU
		{B94CA45E-E39E-4A92-B599-D0AF733673E5}.Debug|Any CPU.Build.0 = Debug|Any CPU
		{B94CA45E-E39E-4A92-B599-D0AF733673E5}.Debug|x64.ActiveCfg = Debug|Any CPU
		{B94CA45E-E39E-4A92-B599-D0AF733673E5}.Debug|x64.Build.0 = Debug|Any CPU
		{B94CA45E-E39E-4A92-B599-D0AF733673E5}.Debug|x86.ActiveCfg = Debug|Any CPU
		{B94CA45E-E39E-4A92-B599-D0AF733673E5}.Debug|x86.Build.0 = Debug|Any CPU
		{B94CA45E-E39E-4A92-B599-D0AF733673E5}.Release|Any CPU.ActiveCfg = Release|Any CPU
		{B94CA45E-E39E-4A92-B599-D0AF733673E5}.Release|Any CPU.Build.0 = Release|Any CPU
		{B94CA45E-E39E-4A92-B599-D0AF733673E5}.Release|x64.ActiveCfg = Release|Any CPU
		{B94CA45E-E39E-4A92-B599-D0AF733673E5}.Release|x64.Build.0 = Release|Any CPU
		{B94CA45E-E39E-4A92-B599-D0AF733673E5}.Release|x86.ActiveCfg = Release|Any CPU
		{B94CA45E-E39E-4A92-B599-D0AF733673E5}.Release|x86.Build.0 = Release|Any CPU
		{E3438D58-3CA3-4E8D-B19D-69F96E365F2D}.Debug|Any CPU.ActiveCfg = Debug|Any CPU
		{E3438D58-3CA3-4E8D-B19D-69F96E365F2D}.Debug|Any CPU.Build.0 = Debug|Any CPU
		{E3438D58-3CA3-4E8D-B19D-69F96E365F2D}.Debug|x64.ActiveCfg = Debug|Any CPU
		{E3438D58-3CA3-4E8D-B19D-69F96E365F2D}.Debug|x64.Build.0 = Debug|Any CPU
		{E3438D58-3CA3-4E8D-B19D-69F96E365F2D}.Debug|x86.ActiveCfg = Debug|Any CPU
		{E3438D58-3CA3-4E8D-B19D-69F96E365F2D}.Debug|x86.Build.0 = Debug|Any CPU
		{E3438D58-3CA3-4E8D-B19D-69F96E365F2D}.Release|Any CPU.ActiveCfg = Release|Any CPU
		{E3438D58-3CA3-4E8D-B19D-69F96E365F2D}.Release|Any CPU.Build.0 = Release|Any CPU
		{E3438D58-3CA3-4E8D-B19D-69F96E365F2D}.Release|x64.ActiveCfg = Release|Any CPU
		{E3438D58-3CA3-4E8D-B19D-69F96E365F2D}.Release|x64.Build.0 = Release|Any CPU
		{E3438D58-3CA3-4E8D-B19D-69F96E365F2D}.Release|x86.ActiveCfg = Release|Any CPU
		{E3438D58-3CA3-4E8D-B19D-69F96E365F2D}.Release|x86.Build.0 = Release|Any CPU
		{F3E3586D-A0BE-453C-AA9F-205183F15C78}.Debug|Any CPU.ActiveCfg = Debug|Any CPU
		{F3E3586D-A0BE-453C-AA9F-205183F15C78}.Debug|Any CPU.Build.0 = Debug|Any CPU
		{F3E3586D-A0BE-453C-AA9F-205183F15C78}.Debug|x64.ActiveCfg = Debug|Any CPU
		{F3E3586D-A0BE-453C-AA9F-205183F15C78}.Debug|x64.Build.0 = Debug|Any CPU
		{F3E3586D-A0BE-453C-AA9F-205183F15C78}.Debug|x86.ActiveCfg = Debug|Any CPU
		{F3E3586D-A0BE-453C-AA9F-205183F15C78}.Debug|x86.Build.0 = Debug|Any CPU
		{F3E3586D-A0BE-453C-AA9F-205183F15C78}.Release|Any CPU.ActiveCfg = Release|Any CPU
		{F3E3586D-A0BE-453C-AA9F-205183F15C78}.Release|Any CPU.Build.0 = Release|Any CPU
		{F3E3586D-A0BE-453C-AA9F-205183F15C78}.Release|x64.ActiveCfg = Release|Any CPU
		{F3E3586D-A0BE-453C-AA9F-205183F15C78}.Release|x64.Build.0 = Release|Any CPU
		{F3E3586D-A0BE-453C-AA9F-205183F15C78}.Release|x86.ActiveCfg = Release|Any CPU
		{F3E3586D-A0BE-453C-AA9F-205183F15C78}.Release|x86.Build.0 = Release|Any CPU
		{EFBBE75B-38E1-4170-84D9-775B12FE412A}.Debug|Any CPU.ActiveCfg = Debug|Any CPU
		{EFBBE75B-38E1-4170-84D9-775B12FE412A}.Debug|Any CPU.Build.0 = Debug|Any CPU
		{EFBBE75B-38E1-4170-84D9-775B12FE412A}.Debug|x64.ActiveCfg = Debug|Any CPU
		{EFBBE75B-38E1-4170-84D9-775B12FE412A}.Debug|x64.Build.0 = Debug|Any CPU
		{EFBBE75B-38E1-4170-84D9-775B12FE412A}.Debug|x86.ActiveCfg = Debug|Any CPU
		{EFBBE75B-38E1-4170-84D9-775B12FE412A}.Debug|x86.Build.0 = Debug|Any CPU
		{EFBBE75B-38E1-4170-84D9-775B12FE412A}.Release|Any CPU.ActiveCfg = Release|Any CPU
		{EFBBE75B-38E1-4170-84D9-775B12FE412A}.Release|Any CPU.Build.0 = Release|Any CPU
		{EFBBE75B-38E1-4170-84D9-775B12FE412A}.Release|x64.ActiveCfg = Release|Any CPU
		{EFBBE75B-38E1-4170-84D9-775B12FE412A}.Release|x64.Build.0 = Release|Any CPU
		{EFBBE75B-38E1-4170-84D9-775B12FE412A}.Release|x86.ActiveCfg = Release|Any CPU
		{EFBBE75B-38E1-4170-84D9-775B12FE412A}.Release|x86.Build.0 = Release|Any CPU
	EndGlobalSection
EndGlobal
